// !$*UTF8*$!
{
	archiveVersion = 1;
	classes = {
	};
	objectVersion = 55;
	objects = {

/* Begin PBXBuildFile section */
		871A52BA274ED92900A8D979 /* spspeakApp.swift in Sources */ = {isa = PBXBuildFile; fileRef = 871A52B9274ED92900A8D979 /* spspeakApp.swift */; };
		871A52BC274ED92900A8D979 /* ContentView.swift in Sources */ = {isa = PBXBuildFile; fileRef = 871A52BB274ED92900A8D979 /* ContentView.swift */; };
		871A52BE274ED92A00A8D979 /* Assets.xcassets in Resources */ = {isa = PBXBuildFile; fileRef = 871A52BD274ED92A00A8D979 /* Assets.xcassets */; };
		871A52C1274ED92A00A8D979 /* Preview Assets.xcassets in Resources */ = {isa = PBXBuildFile; fileRef = 871A52C0274ED92A00A8D979 /* Preview Assets.xcassets */; };
		871A52CB274ED92B00A8D979 /* spspeakTests.swift in Sources */ = {isa = PBXBuildFile; fileRef = 871A52CA274ED92B00A8D979 /* spspeakTests.swift */; };
		871A52D5274ED92B00A8D979 /* spspeakUITests.swift in Sources */ = {isa = PBXBuildFile; fileRef = 871A52D4274ED92B00A8D979 /* spspeakUITests.swift */; };
		871A52D7274ED92B00A8D979 /* spspeakUITestsLaunchTests.swift in Sources */ = {isa = PBXBuildFile; fileRef = 871A52D6274ED92B00A8D979 /* spspeakUITestsLaunchTests.swift */; };
		871A52E7274ED99D00A8D979 /* countries.json in Resources */ = {isa = PBXBuildFile; fileRef = 871A52E6274ED99D00A8D979 /* countries.json */; };
		87CABCD02778DEB7009139E7 /* ModelData.swift in Sources */ = {isa = PBXBuildFile; fileRef = 87CABCCF2778DEB7009139E7 /* ModelData.swift */; };
		87CABCD42778DF0D009139E7 /* Countries.swift in Sources */ = {isa = PBXBuildFile; fileRef = 87CABCD32778DF0D009139E7 /* Countries.swift */; };
		87CABCD72778E4EA009139E7 /* SPCountriesDetail.swift in Sources */ = {isa = PBXBuildFile; fileRef = 87CABCD62778E4EA009139E7 /* SPCountriesDetail.swift */; };
		87DD606927835D48003F8968 /* SPCountriesList.swift in Sources */ = {isa = PBXBuildFile; fileRef = 87DD606827835D48003F8968 /* SPCountriesList.swift */; };
		87DD606B27835E41003F8968 /* SPCountriesRow.swift in Sources */ = {isa = PBXBuildFile; fileRef = 87DD606A27835E41003F8968 /* SPCountriesRow.swift */; };
		87DD606E27836259003F8968 /* Home.swift in Sources */ = {isa = PBXBuildFile; fileRef = 87DD606D27836259003F8968 /* Home.swift */; };
/* End PBXBuildFile section */

/* Begin PBXContainerItemProxy section */
		871A52C7274ED92B00A8D979 /* PBXContainerItemProxy */ = {
			isa = PBXContainerItemProxy;
			containerPortal = 871A52AE274ED92900A8D979 /* Project object */;
			proxyType = 1;
			remoteGlobalIDString = 871A52B5274ED92900A8D979;
			remoteInfo = spspeak;
		};
		871A52D1274ED92B00A8D979 /* PBXContainerItemProxy */ = {
			isa = PBXContainerItemProxy;
			containerPortal = 871A52AE274ED92900A8D979 /* Project object */;
			proxyType = 1;
			remoteGlobalIDString = 871A52B5274ED92900A8D979;
			remoteInfo = spspeak;
		};
/* End PBXContainerItemProxy section */

/* Begin PBXFileReference section */
		871A52B6274ED92900A8D979 /* spspeak.app */ = {isa = PBXFileReference; explicitFileType = wrapper.application; includeInIndex = 0; path = spspeak.app; sourceTree = BUILT_PRODUCTS_DIR; };
		871A52B9274ED92900A8D979 /* spspeakApp.swift */ = {isa = PBXFileReference; lastKnownFileType = sourcecode.swift; path = spspeakApp.swift; sourceTree = "<group>"; };
		871A52BB274ED92900A8D979 /* ContentView.swift */ = {isa = PBXFileReference; lastKnownFileType = sourcecode.swift; path = ContentView.swift; sourceTree = "<group>"; };
		871A52BD274ED92A00A8D979 /* Assets.xcassets */ = {isa = PBXFileReference; lastKnownFileType = folder.assetcatalog; path = Assets.xcassets; sourceTree = "<group>"; };
		871A52C0274ED92A00A8D979 /* Preview Assets.xcassets */ = {isa = PBXFileReference; lastKnownFileType = folder.assetcatalog; path = "Preview Assets.xcassets"; sourceTree = "<group>"; };
		871A52C6274ED92B00A8D979 /* spspeakTests.xctest */ = {isa = PBXFileReference; explicitFileType = wrapper.cfbundle; includeInIndex = 0; path = spspeakTests.xctest; sourceTree = BUILT_PRODUCTS_DIR; };
		871A52CA274ED92B00A8D979 /* spspeakTests.swift */ = {isa = PBXFileReference; lastKnownFileType = sourcecode.swift; path = spspeakTests.swift; sourceTree = "<group>"; };
		871A52D0274ED92B00A8D979 /* spspeakUITests.xctest */ = {isa = PBXFileReference; explicitFileType = wrapper.cfbundle; includeInIndex = 0; path = spspeakUITests.xctest; sourceTree = BUILT_PRODUCTS_DIR; };
		871A52D4274ED92B00A8D979 /* spspeakUITests.swift */ = {isa = PBXFileReference; lastKnownFileType = sourcecode.swift; path = spspeakUITests.swift; sourceTree = "<group>"; };
		871A52D6274ED92B00A8D979 /* spspeakUITestsLaunchTests.swift */ = {isa = PBXFileReference; lastKnownFileType = sourcecode.swift; path = spspeakUITestsLaunchTests.swift; sourceTree = "<group>"; };
		871A52E6274ED99D00A8D979 /* countries.json */ = {isa = PBXFileReference; fileEncoding = 4; lastKnownFileType = text.json; path = countries.json; sourceTree = "<group>"; };
		87CABCCF2778DEB7009139E7 /* ModelData.swift */ = {isa = PBXFileReference; lastKnownFileType = sourcecode.swift; path = ModelData.swift; sourceTree = "<group>"; };
		87CABCD32778DF0D009139E7 /* Countries.swift */ = {isa = PBXFileReference; lastKnownFileType = sourcecode.swift; path = Countries.swift; sourceTree = "<group>"; };
		87CABCD62778E4EA009139E7 /* SPCountriesDetail.swift */ = {isa = PBXFileReference; lastKnownFileType = sourcecode.swift; path = SPCountriesDetail.swift; sourceTree = "<group>"; };
		87DD606827835D48003F8968 /* SPCountriesList.swift */ = {isa = PBXFileReference; lastKnownFileType = sourcecode.swift; path = SPCountriesList.swift; sourceTree = "<group>"; };
		87DD606A27835E41003F8968 /* SPCountriesRow.swift */ = {isa = PBXFileReference; lastKnownFileType = sourcecode.swift; path = SPCountriesRow.swift; sourceTree = "<group>"; };
		87DD606D27836259003F8968 /* Home.swift */ = {isa = PBXFileReference; lastKnownFileType = sourcecode.swift; path = Home.swift; sourceTree = "<group>"; };
/* End PBXFileReference section */

/* Begin PBXFrameworksBuildPhase section */
		871A52B3274ED92900A8D979 /* Frameworks */ = {
			isa = PBXFrameworksBuildPhase;
			buildActionMask = 2147483647;
			files = (
			);
			runOnlyForDeploymentPostprocessing = 0;
		};
		871A52C3274ED92B00A8D979 /* Frameworks */ = {
			isa = PBXFrameworksBuildPhase;
			buildActionMask = 2147483647;
			files = (
			);
			runOnlyForDeploymentPostprocessing = 0;
		};
		871A52CD274ED92B00A8D979 /* Frameworks */ = {
			isa = PBXFrameworksBuildPhase;
			buildActionMask = 2147483647;
			files = (
			);
			runOnlyForDeploymentPostprocessing = 0;
		};
/* End PBXFrameworksBuildPhase section */

/* Begin PBXGroup section */
		871A52AD274ED92900A8D979 = {
			isa = PBXGroup;
			children = (
				871A52B8274ED92900A8D979 /* spspeak */,
				871A52C9274ED92B00A8D979 /* spspeakTests */,
				871A52D3274ED92B00A8D979 /* spspeakUITests */,
				871A52B7274ED92900A8D979 /* Products */,
			);
			sourceTree = "<group>";
		};
		871A52B7274ED92900A8D979 /* Products */ = {
			isa = PBXGroup;
			children = (
				871A52B6274ED92900A8D979 /* spspeak.app */,
				871A52C6274ED92B00A8D979 /* spspeakTests.xctest */,
				871A52D0274ED92B00A8D979 /* spspeakUITests.xctest */,
			);
			name = Products;
			sourceTree = "<group>";
		};
		871A52B8274ED92900A8D979 /* spspeak */ = {
			isa = PBXGroup;
			children = (
				87CABCD52778E4D3009139E7 /* SPCountries */,
				871A52E3274ED93000A8D979 /* Model */,
				871A52B9274ED92900A8D979 /* spspeakApp.swift */,
				871A52BB274ED92900A8D979 /* ContentView.swift */,
				87DD606C27836246003F8968 /* HomePages */,
				871A52BD274ED92A00A8D979 /* Assets.xcassets */,
				871A52BF274ED92A00A8D979 /* Preview Content */,
			);
			path = spspeak;
			sourceTree = "<group>";
		};
		871A52BF274ED92A00A8D979 /* Preview Content */ = {
			isa = PBXGroup;
			children = (
				871A52C0274ED92A00A8D979 /* Preview Assets.xcassets */,
			);
			path = "Preview Content";
			sourceTree = "<group>";
		};
		871A52C9274ED92B00A8D979 /* spspeakTests */ = {
			isa = PBXGroup;
			children = (
				871A52CA274ED92B00A8D979 /* spspeakTests.swift */,
			);
			path = spspeakTests;
			sourceTree = "<group>";
		};
		871A52D3274ED92B00A8D979 /* spspeakUITests */ = {
			isa = PBXGroup;
			children = (
				871A52D4274ED92B00A8D979 /* spspeakUITests.swift */,
				871A52D6274ED92B00A8D979 /* spspeakUITestsLaunchTests.swift */,
			);
			path = spspeakUITests;
			sourceTree = "<group>";
		};
		871A52E3274ED93000A8D979 /* Model */ = {
			isa = PBXGroup;
			children = (
				871A52E6274ED99D00A8D979 /* countries.json */,
				87CABCCF2778DEB7009139E7 /* ModelData.swift */,
				87CABCD32778DF0D009139E7 /* Countries.swift */,
			);
			path = Model;
			sourceTree = "<group>";
		};
		87CABCD52778E4D3009139E7 /* SPCountries */ = {
			isa = PBXGroup;
			children = (
				87CABCD62778E4EA009139E7 /* SPCountriesDetail.swift */,
				87DD606827835D48003F8968 /* SPCountriesList.swift */,
				87DD606A27835E41003F8968 /* SPCountriesRow.swift */,
			);
			path = SPCountries;
			sourceTree = "<group>";
		};
		87DD606C27836246003F8968 /* HomePages */ = {
			isa = PBXGroup;
			children = (
				87DD606D27836259003F8968 /* Home.swift */,
			);
			path = HomePages;
			sourceTree = "<group>";
		};
/* End PBXGroup section */

/* Begin PBXNativeTarget section */
		871A52B5274ED92900A8D979 /* spspeak */ = {
			isa = PBXNativeTarget;
			buildConfigurationList = 871A52DA274ED92B00A8D979 /* Build configuration list for PBXNativeTarget "spspeak" */;
			buildPhases = (
				871A52B2274ED92900A8D979 /* Sources */,
				871A52B3274ED92900A8D979 /* Frameworks */,
				871A52B4274ED92900A8D979 /* Resources */,
			);
			buildRules = (
			);
			dependencies = (
			);
			name = spspeak;
			productName = spspeak;
			productReference = 871A52B6274ED92900A8D979 /* spspeak.app */;
			productType = "com.apple.product-type.application";
		};
		871A52C5274ED92B00A8D979 /* spspeakTests */ = {
			isa = PBXNativeTarget;
			buildConfigurationList = 871A52DD274ED92B00A8D979 /* Build configuration list for PBXNativeTarget "spspeakTests" */;
			buildPhases = (
				871A52C2274ED92B00A8D979 /* Sources */,
				871A52C3274ED92B00A8D979 /* Frameworks */,
				871A52C4274ED92B00A8D979 /* Resources */,
			);
			buildRules = (
			);
			dependencies = (
				871A52C8274ED92B00A8D979 /* PBXTargetDependency */,
			);
			name = spspeakTests;
			productName = spspeakTests;
			productReference = 871A52C6274ED92B00A8D979 /* spspeakTests.xctest */;
			productType = "com.apple.product-type.bundle.unit-test";
		};
		871A52CF274ED92B00A8D979 /* spspeakUITests */ = {
			isa = PBXNativeTarget;
			buildConfigurationList = 871A52E0274ED92B00A8D979 /* Build configuration list for PBXNativeTarget "spspeakUITests" */;
			buildPhases = (
				871A52CC274ED92B00A8D979 /* Sources */,
				871A52CD274ED92B00A8D979 /* Frameworks */,
				871A52CE274ED92B00A8D979 /* Resources */,
			);
			buildRules = (
			);
			dependencies = (
				871A52D2274ED92B00A8D979 /* PBXTargetDependency */,
			);
			name = spspeakUITests;
			productName = spspeakUITests;
			productReference = 871A52D0274ED92B00A8D979 /* spspeakUITests.xctest */;
			productType = "com.apple.product-type.bundle.ui-testing";
		};
/* End PBXNativeTarget section */

/* Begin PBXProject section */
		871A52AE274ED92900A8D979 /* Project object */ = {
			isa = PBXProject;
			attributes = {
				BuildIndependentTargetsInParallel = 1;
				LastSwiftUpdateCheck = 1310;
				LastUpgradeCheck = 1310;
				TargetAttributes = {
					871A52B5274ED92900A8D979 = {
						CreatedOnToolsVersion = 13.1;
					};
					871A52C5274ED92B00A8D979 = {
						CreatedOnToolsVersion = 13.1;
						TestTargetID = 871A52B5274ED92900A8D979;
					};
					871A52CF274ED92B00A8D979 = {
						CreatedOnToolsVersion = 13.1;
						TestTargetID = 871A52B5274ED92900A8D979;
					};
				};
			};
			buildConfigurationList = 871A52B1274ED92900A8D979 /* Build configuration list for PBXProject "spspeak" */;
			compatibilityVersion = "Xcode 13.0";
			developmentRegion = en;
			hasScannedForEncodings = 0;
			knownRegions = (
				en,
				Base,
			);
			mainGroup = 871A52AD274ED92900A8D979;
			productRefGroup = 871A52B7274ED92900A8D979 /* Products */;
			projectDirPath = "";
			projectRoot = "";
			targets = (
				871A52B5274ED92900A8D979 /* spspeak */,
				871A52C5274ED92B00A8D979 /* spspeakTests */,
				871A52CF274ED92B00A8D979 /* spspeakUITests */,
			);
		};
/* End PBXProject section */

/* Begin PBXResourcesBuildPhase section */
		871A52B4274ED92900A8D979 /* Resources */ = {
			isa = PBXResourcesBuildPhase;
			buildActionMask = 2147483647;
			files = (
				871A52E7274ED99D00A8D979 /* countries.json in Resources */,
				871A52C1274ED92A00A8D979 /* Preview Assets.xcassets in Resources */,
				871A52BE274ED92A00A8D979 /* Assets.xcassets in Resources */,
			);
			runOnlyForDeploymentPostprocessing = 0;
		};
		871A52C4274ED92B00A8D979 /* Resources */ = {
			isa = PBXResourcesBuildPhase;
			buildActionMask = 2147483647;
			files = (
			);
			runOnlyForDeploymentPostprocessing = 0;
		};
		871A52CE274ED92B00A8D979 /* Resources */ = {
			isa = PBXResourcesBuildPhase;
			buildActionMask = 2147483647;
			files = (
			);
			runOnlyForDeploymentPostprocessing = 0;
		};
/* End PBXResourcesBuildPhase section */

/* Begin PBXSourcesBuildPhase section */
		871A52B2274ED92900A8D979 /* Sources */ = {
			isa = PBXSourcesBuildPhase;
			buildActionMask = 2147483647;
			files = (
				871A52BC274ED92900A8D979 /* ContentView.swift in Sources */,
				87DD606927835D48003F8968 /* SPCountriesList.swift in Sources */,
				87DD606E27836259003F8968 /* Home.swift in Sources */,
				87CABCD72778E4EA009139E7 /* SPCountriesDetail.swift in Sources */,
				871A52BA274ED92900A8D979 /* spspeakApp.swift in Sources */,
				87DD606B27835E41003F8968 /* SPCountriesRow.swift in Sources */,
				87CABCD42778DF0D009139E7 /* Countries.swift in Sources */,
				87CABCD02778DEB7009139E7 /* ModelData.swift in Sources */,
			);
			runOnlyForDeploymentPostprocessing = 0;
		};
		871A52C2274ED92B00A8D979 /* Sources */ = {
			isa = PBXSourcesBuildPhase;
			buildActionMask = 2147483647;
			files = (
				871A52CB274ED92B00A8D979 /* spspeakTests.swift in Sources */,
			);
			runOnlyForDeploymentPostprocessing = 0;
		};
		871A52CC274ED92B00A8D979 /* Sources */ = {
			isa = PBXSourcesBuildPhase;
			buildActionMask = 2147483647;
			files = (
				871A52D7274ED92B00A8D979 /* spspeakUITestsLaunchTests.swift in Sources */,
				871A52D5274ED92B00A8D979 /* spspeakUITests.swift in Sources */,
			);
			runOnlyForDeploymentPostprocessing = 0;
		};
/* End PBXSourcesBuildPhase section */

/* Begin PBXTargetDependency section */
		871A52C8274ED92B00A8D979 /* PBXTargetDependency */ = {
			isa = PBXTargetDependency;
			target = 871A52B5274ED92900A8D979 /* spspeak */;
			targetProxy = 871A52C7274ED92B00A8D979 /* PBXContainerItemProxy */;
		};
		871A52D2274ED92B00A8D979 /* PBXTargetDependency */ = {
			isa = PBXTargetDependency;
			target = 871A52B5274ED92900A8D979 /* spspeak */;
			targetProxy = 871A52D1274ED92B00A8D979 /* PBXContainerItemProxy */;
		};
/* End PBXTargetDependency section */

/* Begin XCBuildConfiguration section */
		871A52D8274ED92B00A8D979 /* Debug */ = {
			isa = XCBuildConfiguration;
			buildSettings = {
				ALWAYS_SEARCH_USER_PATHS = NO;
				CLANG_ANALYZER_NONNULL = YES;
				CLANG_ANALYZER_NUMBER_OBJECT_CONVERSION = YES_AGGRESSIVE;
				CLANG_CXX_LANGUAGE_STANDARD = "gnu++17";
				CLANG_CXX_LIBRARY = "libc++";
				CLANG_ENABLE_MODULES = YES;
				CLANG_ENABLE_OBJC_ARC = YES;
				CLANG_ENABLE_OBJC_WEAK = YES;
				CLANG_WARN_BLOCK_CAPTURE_AUTORELEASING = YES;
				CLANG_WARN_BOOL_CONVERSION = YES;
				CLANG_WARN_COMMA = YES;
				CLANG_WARN_CONSTANT_CONVERSION = YES;
				CLANG_WARN_DEPRECATED_OBJC_IMPLEMENTATIONS = YES;
				CLANG_WARN_DIRECT_OBJC_ISA_USAGE = YES_ERROR;
				CLANG_WARN_DOCUMENTATION_COMMENTS = YES;
				CLANG_WARN_EMPTY_BODY = YES;
				CLANG_WARN_ENUM_CONVERSION = YES;
				CLANG_WARN_INFINITE_RECURSION = YES;
				CLANG_WARN_INT_CONVERSION = YES;
				CLANG_WARN_NON_LITERAL_NULL_CONVERSION = YES;
				CLANG_WARN_OBJC_IMPLICIT_RETAIN_SELF = YES;
				CLANG_WARN_OBJC_LITERAL_CONVERSION = YES;
				CLANG_WARN_OBJC_ROOT_CLASS = YES_ERROR;
				CLANG_WARN_QUOTED_INCLUDE_IN_FRAMEWORK_HEADER = YES;
				CLANG_WARN_RANGE_LOOP_ANALYSIS = YES;
				CLANG_WARN_STRICT_PROTOTYPES = YES;
				CLANG_WARN_SUSPICIOUS_MOVE = YES;
				CLANG_WARN_UNGUARDED_AVAILABILITY = YES_AGGRESSIVE;
				CLANG_WARN_UNREACHABLE_CODE = YES;
				CLANG_WARN__DUPLICATE_METHOD_MATCH = YES;
				COPY_PHASE_STRIP = NO;
				DEBUG_INFORMATION_FORMAT = dwarf;
				ENABLE_STRICT_OBJC_MSGSEND = YES;
				ENABLE_TESTABILITY = YES;
				GCC_C_LANGUAGE_STANDARD = gnu11;
				GCC_DYNAMIC_NO_PIC = NO;
				GCC_NO_COMMON_BLOCKS = YES;
				GCC_OPTIMIZATION_LEVEL = 0;
				GCC_PREPROCESSOR_DEFINITIONS = (
					"DEBUG=1",
					"$(inherited)",
				);
				GCC_WARN_64_TO_32_BIT_CONVERSION = YES;
				GCC_WARN_ABOUT_RETURN_TYPE = YES_ERROR;
				GCC_WARN_UNDECLARED_SELECTOR = YES;
				GCC_WARN_UNINITIALIZED_AUTOS = YES_AGGRESSIVE;
				GCC_WARN_UNUSED_FUNCTION = YES;
				GCC_WARN_UNUSED_VARIABLE = YES;
				IPHONEOS_DEPLOYMENT_TARGET = 15.0;
				MTL_ENABLE_DEBUG_INFO = INCLUDE_SOURCE;
				MTL_FAST_MATH = YES;
				ONLY_ACTIVE_ARCH = YES;
				SDKROOT = iphoneos;
				SWIFT_ACTIVE_COMPILATION_CONDITIONS = DEBUG;
				SWIFT_OPTIMIZATION_LEVEL = "-Onone";
			};
			name = Debug;
		};
		871A52D9274ED92B00A8D979 /* Release */ = {
			isa = XCBuildConfiguration;
			buildSettings = {
				ALWAYS_SEARCH_USER_PATHS = NO;
				CLANG_ANALYZER_NONNULL = YES;
				CLANG_ANALYZER_NUMBER_OBJECT_CONVERSION = YES_AGGRESSIVE;
				CLANG_CXX_LANGUAGE_STANDARD = "gnu++17";
				CLANG_CXX_LIBRARY = "libc++";
				CLANG_ENABLE_MODULES = YES;
				CLANG_ENABLE_OBJC_ARC = YES;
				CLANG_ENABLE_OBJC_WEAK = YES;
				CLANG_WARN_BLOCK_CAPTURE_AUTORELEASING = YES;
				CLANG_WARN_BOOL_CONVERSION = YES;
				CLANG_WARN_COMMA = YES;
				CLANG_WARN_CONSTANT_CONVERSION = YES;
				CLANG_WARN_DEPRECATED_OBJC_IMPLEMENTATIONS = YES;
				CLANG_WARN_DIRECT_OBJC_ISA_USAGE = YES_ERROR;
				CLANG_WARN_DOCUMENTATION_COMMENTS = YES;
				CLANG_WARN_EMPTY_BODY = YES;
				CLANG_WARN_ENUM_CONVERSION = YES;
				CLANG_WARN_INFINITE_RECURSION = YES;
				CLANG_WARN_INT_CONVERSION = YES;
				CLANG_WARN_NON_LITERAL_NULL_CONVERSION = YES;
				CLANG_WARN_OBJC_IMPLICIT_RETAIN_SELF = YES;
				CLANG_WARN_OBJC_LITERAL_CONVERSION = YES;
				CLANG_WARN_OBJC_ROOT_CLASS = YES_ERROR;
				CLANG_WARN_QUOTED_INCLUDE_IN_FRAMEWORK_HEADER = YES;
				CLANG_WARN_RANGE_LOOP_ANALYSIS = YES;
				CLANG_WARN_STRICT_PROTOTYPES = YES;
				CLANG_WARN_SUSPICIOUS_MOVE = YES;
				CLANG_WARN_UNGUARDED_AVAILABILITY = YES_AGGRESSIVE;
				CLANG_WARN_UNREACHABLE_CODE = YES;
				CLANG_WARN__DUPLICATE_METHOD_MATCH = YES;
				COPY_PHASE_STRIP = NO;
				DEBUG_INFORMATION_FORMAT = "dwarf-with-dsym";
				ENABLE_NS_ASSERTIONS = NO;
				ENABLE_STRICT_OBJC_MSGSEND = YES;
				GCC_C_LANGUAGE_STANDARD = gnu11;
				GCC_NO_COMMON_BLOCKS = YES;
				GCC_WARN_64_TO_32_BIT_CONVERSION = YES;
				GCC_WARN_ABOUT_RETURN_TYPE = YES_ERROR;
				GCC_WARN_UNDECLARED_SELECTOR = YES;
				GCC_WARN_UNINITIALIZED_AUTOS = YES_AGGRESSIVE;
				GCC_WARN_UNUSED_FUNCTION = YES;
				GCC_WARN_UNUSED_VARIABLE = YES;
				IPHONEOS_DEPLOYMENT_TARGET = 15.0;
				MTL_ENABLE_DEBUG_INFO = NO;
				MTL_FAST_MATH = YES;
				SDKROOT = iphoneos;
				SWIFT_COMPILATION_MODE = wholemodule;
				SWIFT_OPTIMIZATION_LEVEL = "-O";
				VALIDATE_PRODUCT = YES;
			};
			name = Release;
		};
		871A52DB274ED92B00A8D979 /* Debug */ = {
			isa = XCBuildConfiguration;
			buildSettings = {
				ASSETCATALOG_COMPILER_APPICON_NAME = AppIcon;
				ASSETCATALOG_COMPILER_GLOBAL_ACCENT_COLOR_NAME = AccentColor;
				CODE_SIGN_STYLE = Automatic;
				CURRENT_PROJECT_VERSION = 1;
				DEVELOPMENT_ASSET_PATHS = "\"spspeak/Preview Content\"";
				ENABLE_PREVIEWS = YES;
				GENERATE_INFOPLIST_FILE = YES;
				INFOPLIST_KEY_UIApplicationSceneManifest_Generation = YES;
				INFOPLIST_KEY_UIApplicationSupportsIndirectInputEvents = YES;
				INFOPLIST_KEY_UILaunchScreen_Generation = YES;
				INFOPLIST_KEY_UISupportedInterfaceOrientations_iPad = "UIInterfaceOrientationPortrait UIInterfaceOrientationPortraitUpsideDown UIInterfaceOrientationLandscapeLeft UIInterfaceOrientationLandscapeRight";
				INFOPLIST_KEY_UISupportedInterfaceOrientations_iPhone = "UIInterfaceOrientationPortrait UIInterfaceOrientationLandscapeLeft UIInterfaceOrientationLandscapeRight";
				LD_RUNPATH_SEARCH_PATHS = (
					"$(inherited)",
					"@executable_path/Frameworks",
				);
				MARKETING_VERSION = 1.0;
				PRODUCT_BUNDLE_IDENTIFIER = myapps.spspeak;
				PRODUCT_NAME = "$(TARGET_NAME)";
				SWIFT_EMIT_LOC_STRINGS = YES;
				SWIFT_VERSION = 5.0;
				TARGETED_DEVICE_FAMILY = "1,2";
			};
			name = Debug;
		};
		871A52DC274ED92B00A8D979 /* Release */ = {
			isa = XCBuildConfiguration;
			buildSettings = {
				ASSETCATALOG_COMPILER_APPICON_NAME = AppIcon;
				ASSETCATALOG_COMPILER_GLOBAL_ACCENT_COLOR_NAME = AccentColor;
				CODE_SIGN_STYLE = Automatic;
				CURRENT_PROJECT_VERSION = 1;
				DEVELOPMENT_ASSET_PATHS = "\"spspeak/Preview Content\"";
				ENABLE_PREVIEWS = YES;
				GENERATE_INFOPLIST_FILE = YES;
				INFOPLIST_KEY_UIApplicationSceneManifest_Generation = YES;
				INFOPLIST_KEY_UIApplicationSupportsIndirectInputEvents = YES;
				INFOPLIST_KEY_UILaunchScreen_Generation = YES;
				INFOPLIST_KEY_UISupportedInterfaceOrientations_iPad = "UIInterfaceOrientationPortrait UIInterfaceOrientationPortraitUpsideDown UIInterfaceOrientationLandscapeLeft UIInterfaceOrientationLandscapeRight";
				INFOPLIST_KEY_UISupportedInterfaceOrientations_iPhone = "UIInterfaceOrientationPortrait UIInterfaceOrientationLandscapeLeft UIInterfaceOrientationLandscapeRight";
				LD_RUNPATH_SEARCH_PATHS = (
					"$(inherited)",
					"@executable_path/Frameworks",
				);
				MARKETING_VERSION = 1.0;
				PRODUCT_BUNDLE_IDENTIFIER = myapps.spspeak;
				PRODUCT_NAME = "$(TARGET_NAME)";
				SWIFT_EMIT_LOC_STRINGS = YES;
				SWIFT_VERSION = 5.0;
				TARGETED_DEVICE_FAMILY = "1,2";
			};
			name = Release;
		};
		871A52DE274ED92B00A8D979 /* Debug */ = {
			isa = XCBuildConfiguration;
			buildSettings = {
				ALWAYS_EMBED_SWIFT_STANDARD_LIBRARIES = YES;
				BUNDLE_LOADER = "$(TEST_HOST)";
				CODE_SIGN_STYLE = Automatic;
				CURRENT_PROJECT_VERSION = 1;
				GENERATE_INFOPLIST_FILE = YES;
				IPHONEOS_DEPLOYMENT_TARGET = 15.0;
				LD_RUNPATH_SEARCH_PATHS = (
					"$(inherited)",
					"@executable_path/Frameworks",
					"@loader_path/Frameworks",
				);
				MARKETING_VERSION = 1.0;
				PRODUCT_BUNDLE_IDENTIFIER = myapps.spspeakTests;
				PRODUCT_NAME = "$(TARGET_NAME)";
				SWIFT_EMIT_LOC_STRINGS = NO;
				SWIFT_VERSION = 5.0;
				TARGETED_DEVICE_FAMILY = "1,2";
				TEST_HOST = "$(BUILT_PRODUCTS_DIR)/spspeak.app/spspeak";
			};
			name = Debug;
		};
		871A52DF274ED92B00A8D979 /* Release */ = {
			isa = XCBuildConfiguration;
			buildSettings = {
				ALWAYS_EMBED_SWIFT_STANDARD_LIBRARIES = YES;
				BUNDLE_LOADER = "$(TEST_HOST)";
				CODE_SIGN_STYLE = Automatic;
				CURRENT_PROJECT_VERSION = 1;
				GENERATE_INFOPLIST_FILE = YES;
				IPHONEOS_DEPLOYMENT_TARGET = 15.0;
				LD_RUNPATH_SEARCH_PATHS = (
					"$(inherited)",
					"@executable_path/Frameworks",
					"@loader_path/Frameworks",
				);
				MARKETING_VERSION = 1.0;
				PRODUCT_BUNDLE_IDENTIFIER = myapps.spspeakTests;
				PRODUCT_NAME = "$(TARGET_NAME)";
				SWIFT_EMIT_LOC_STRINGS = NO;
				SWIFT_VERSION = 5.0;
				TARGETED_DEVICE_FAMILY = "1,2";
				TEST_HOST = "$(BUILT_PRODUCTS_DIR)/spspeak.app/spspeak";
			};
			name = Release;
		};
		871A52E1274ED92B00A8D979 /* Debug */ = {
			isa = XCBuildConfiguration;
			buildSettings = {
				ALWAYS_EMBED_SWIFT_STANDARD_LIBRARIES = YES;
				CODE_SIGN_STYLE = Automatic;
				CURRENT_PROJECT_VERSION = 1;
				GENERATE_INFOPLIST_FILE = YES;
				LD_RUNPATH_SEARCH_PATHS = (
					"$(inherited)",
					"@executable_path/Frameworks",
					"@loader_path/Frameworks",
				);
				MARKETING_VERSION = 1.0;
				PRODUCT_BUNDLE_IDENTIFIER = myapps.spspeakUITests;
				PRODUCT_NAME = "$(TARGET_NAME)";
				SWIFT_EMIT_LOC_STRINGS = NO;
				SWIFT_VERSION = 5.0;
				TARGETED_DEVICE_FAMILY = "1,2";
				TEST_TARGET_NAME = spspeak;
			};
			name = Debug;
		};
		871A52E2274ED92B00A8D979 /* Release */ = {
			isa = XCBuildConfiguration;
			buildSettings = {
				ALWAYS_EMBED_SWIFT_STANDARD_LIBRARIES = YES;
				CODE_SIGN_STYLE = Automatic;
				CURRENT_PROJECT_VERSION = 1;
				GENERATE_INFOPLIST_FILE = YES;
				LD_RUNPATH_SEARCH_PATHS = (
					"$(inherited)",
					"@executable_path/Frameworks",
					"@loader_path/Frameworks",
				);
				MARKETING_VERSION = 1.0;
				PRODUCT_BUNDLE_IDENTIFIER = myapps.spspeakUITests;
				PRODUCT_NAME = "$(TARGET_NAME)";
				SWIFT_EMIT_LOC_STRINGS = NO;
				SWIFT_VERSION = 5.0;
				TARGETED_DEVICE_FAMILY = "1,2";
				TEST_TARGET_NAME = spspeak;
			};
			name = Release;
		};
/* End XCBuildConfiguration section */

/* Begin XCConfigurationList section */
		871A52B1274ED92900A8D979 /* Build configuration list for PBXProject "spspeak" */ = {
			isa = XCConfigurationList;
			buildConfigurations = (
				871A52D8274ED92B00A8D979 /* Debug */,
				871A52D9274ED92B00A8D979 /* Release */,
			);
			defaultConfigurationIsVisible = 0;
			defaultConfigurationName = Release;
		};
		871A52DA274ED92B00A8D979 /* Build configuration list for PBXNativeTarget "spspeak" */ = {
			isa = XCConfigurationList;
			buildConfigurations = (
				871A52DB274ED92B00A8D979 /* Debug */,
				871A52DC274ED92B00A8D979 /* Release */,
			);
			defaultConfigurationIsVisible = 0;
			defaultConfigurationName = Release;
		};
		871A52DD274ED92B00A8D979 /* Build configuration list for PBXNativeTarget "spspeakTests" */ = {
			isa = XCConfigurationList;
			buildConfigurations = (
				871A52DE274ED92B00A8D979 /* Debug */,
				871A52DF274ED92B00A8D979 /* Release */,
			);
			defaultConfigurationIsVisible = 0;
			defaultConfigurationName = Release;
		};
		871A52E0274ED92B00A8D979 /* Build configuration list for PBXNativeTarget "spspeakUITests" */ = {
			isa = XCConfigurationList;
			buildConfigurations = (
				871A52E1274ED92B00A8D979 /* Debug */,
				871A52E2274ED92B00A8D979 /* Release */,
			);
			defaultConfigurationIsVisible = 0;
			defaultConfigurationName = Release;
		};
/* End XCConfigurationList section */
	};
	rootObject = 871A52AE274ED92900A8D979 /* Project object */;
}
